
Microsoft Visual Studio Solution File, Format Version 12.00
# Visual Studio 2012
Project("{FAE04EC0-301F-11D3-BF4B-00C04F79EFBC}") = "PP20thDataExtractor", "PP20thDataExtractor\PP20thDataExtractor.csproj", "{46DCE9C6-FBBD-4ED4-BFA4-91497C2F33B3}"
EndProject
Global
	GlobalSection(SolutionConfigurationPlatforms) = preSolution
		Debug|Any CPU = Debug|Any CPU
		Release|Any CPU = Release|Any CPU
	EndGlobalSection
	GlobalSection(ProjectConfigurationPlatforms) = postSolution
		{46DCE9C6-FBBD-4ED4-BFA4-91497C2F33B3}.Debug|Any CPU.ActiveCfg = Debug|Any CPU
		{46DCE9C6-FBBD-4ED4-BFA4-91497C2F33B3}.Debug|Any CPU.Build.0 = Debug|Any CPU
		{46DCE9C6-FBBD-4ED4-BFA4-91497C2F33B3}.Release|Any CPU.ActiveCfg = Release|Any CPU
		{46DCE9C6-FBBD-4ED4-BFA4-91497C2F33B3}.Release|Any CPU.Build.0 = Release|Any CPU
	EndGlobalSection
	GlobalSection(SolutionProperties) = preSolution
		HideSolutionNode = FALSE
	EndGlobalSection
EndGlobal
